
Microsoft Visual Studio Solution File, Format Version 12.00
# Visual Studio Version 17
VisualStudioVersion = 17.13.35931.197 d17.13
MinimumVisualStudioVersion = 10.0.40219.1
Project("{FAE04EC0-301F-11D3-BF4B-00C04F79EFBC}") = "AulaBackend_API", "AulaBackend_API.csproj", "{9CFFD0B6-8016-4540-BA62-CE0ECAC43632}"
EndProject
Global
	GlobalSection(SolutionConfigurationPlatforms) = preSolution
		Debug|Any CPU = Debug|Any CPU
		Release|Any CPU = Release|Any CPU
	EndGlobalSection
	GlobalSection(ProjectConfigurationPlatforms) = postSolution
		{9CFFD0B6-8016-4540-BA62-CE0ECAC43632}.Debug|Any CPU.ActiveCfg = Debug|Any CPU
		{9CFFD0B6-8016-4540-BA62-CE0ECAC43632}.Debug|Any CPU.Build.0 = Debug|Any CPU
		{9CFFD0B6-8016-4540-BA62-CE0ECAC43632}.Release|Any CPU.ActiveCfg = Release|Any CPU
		{9CFFD0B6-8016-4540-BA62-CE0ECAC43632}.Release|Any CPU.Build.0 = Release|Any CPU
	EndGlobalSection
	GlobalSection(SolutionProperties) = preSolution
		HideSolutionNode = FALSE
	EndGlobalSection
	GlobalSection(ExtensibilityGlobals) = postSolution
		SolutionGuid = {86B82797-BFD9-47FC-8232-11CBA597932D}
	EndGlobalSection
EndGlobal
